
Microsoft Visual Studio Solution File, Format Version 12.00
# Visual Studio Version 17
VisualStudioVersion = 17.11.35312.102
MinimumVisualStudioVersion = 10.0.40219.1
Project("{2150E333-8FDC-42A3-9474-1A3956D46DE8}") = "1 - S (Single Responsibility Principle)", "1 - S (Single Responsibility Principle)", "{C5FF9D96-F853-4FA2-B6F5-DB4D453F71B7}"
EndProject
Project("{2150E333-8FDC-42A3-9474-1A3956D46DE8}") = "2 - O (Open-Closed Principle)", "2 - O (Open-Closed Principle)", "{2F9BA698-5539-440E-8105-08C10EFAAB83}"
EndProject
Project("{2150E333-8FDC-42A3-9474-1A3956D46DE8}") = "3 - L (Liskov Substitution Principle)", "3 - L (Liskov Substitution Principle)", "{7D38F2AE-FEE8-4390-8DDC-E57C6F37B6B3}"
EndProject
Project("{2150E333-8FDC-42A3-9474-1A3956D46DE8}") = "4 - I (Interface Segregation Principle)", "4 - I (Interface Segregation Principle)", "{DFEFE771-743A-48AD-BB51-FCA4600AC082}"
EndProject
Project("{2150E333-8FDC-42A3-9474-1A3956D46DE8}") = "5 - D (Dependency Inversion Principle)", "5 - D (Dependency Inversion Principle)", "{5869711B-75CB-4F72-B358-373C576E5B9D}"
EndProject
Project("{2150E333-8FDC-42A3-9474-1A3956D46DE8}") = "1 - before", "1 - before", "{D3831516-3D4A-43D3-896F-6ADBC4E6EC68}"
EndProject
Project("{2150E333-8FDC-42A3-9474-1A3956D46DE8}") = "2 - after", "2 - after", "{D41182F5-1492-40BD-A41D-745BB6C0326E}"
EndProject
Project("{2150E333-8FDC-42A3-9474-1A3956D46DE8}") = "1 - before", "1 - before", "{48324D56-55CD-44D8-B762-D4225B88ABDE}"
EndProject
Project("{2150E333-8FDC-42A3-9474-1A3956D46DE8}") = "2 - after", "2 - after", "{3AB7D348-2B7B-427C-881D-D85DF94B0326}"
EndProject
Project("{2150E333-8FDC-42A3-9474-1A3956D46DE8}") = "1 - before", "1 - before", "{7A0D0567-69A3-45D2-96BE-38A4D19DC169}"
EndProject
Project("{2150E333-8FDC-42A3-9474-1A3956D46DE8}") = "2 - after", "2 - after", "{51BD496E-6AC6-4A94-ACC8-2607D16F2405}"
EndProject
Project("{2150E333-8FDC-42A3-9474-1A3956D46DE8}") = "1 - before", "1 - before", "{0EA6334B-E4AA-4756-BC59-B0E7AF15EE29}"
EndProject
Project("{2150E333-8FDC-42A3-9474-1A3956D46DE8}") = "2 - after", "2 - after", "{DE2FF7A3-E025-47DF-931D-9FFCCAC2474A}"
EndProject
Project("{2150E333-8FDC-42A3-9474-1A3956D46DE8}") = "1 - before", "1 - before", "{FDA2988D-73DD-4DDA-A0C6-85FC9033B98F}"
EndProject
Project("{2150E333-8FDC-42A3-9474-1A3956D46DE8}") = "2 - after", "2 - after", "{68759185-1FE4-45E3-9476-DF5ED817D6D9}"
EndProject
Project("{9A19103F-16F7-4668-BE54-9A1E7A4F7556}") = "OpenClosedPrinciple", "src\2 - O\OpenClosedPrinciple\OpenClosedPrinciple.csproj", "{C18C6D6B-845F-4139-945B-3EE58E8B56FC}"
EndProject
Project("{9A19103F-16F7-4668-BE54-9A1E7A4F7556}") = "LiskovSubstitutionPrinciple", "src\3 - L\LiskovSubstitutionPrinciple\LiskovSubstitutionPrinciple.csproj", "{CD8E7BD7-3472-4666-9EDE-81FBDAB835C4}"
EndProject
Project("{9A19103F-16F7-4668-BE54-9A1E7A4F7556}") = "InterfaceSegregationPrinciple", "src\4 - I\InterfaceSegregationPrinciple\InterfaceSegregationPrinciple.csproj", "{D1809CB1-0468-4A36-8C08-971906AEC286}"
EndProject
Project("{9A19103F-16F7-4668-BE54-9A1E7A4F7556}") = "DependencyInversionPrinciple", "src\5 - D\DependencyInversionPrinciple\DependencyInversionPrinciple.csproj", "{CBCA71FB-6B42-4D81-8F84-E5DD3AD6031C}"
EndProject
Project("{FAE04EC0-301F-11D3-BF4B-00C04F79EFBC}") = "SingleResponsabilityPrinciple", "src\1 - S\SingleResponsabilityPrinciple\SingleResponsabilityPrinciple.csproj", "{A6B925E9-C5B9-4B19-A359-0922DD9319BE}"
EndProject
Project("{FAE04EC0-301F-11D3-BF4B-00C04F79EFBC}") = "SingleResponsabilityPrinciple_VIOLATION", "src\1 - S\SingleResponsibilityPrinciple\SingleResponsabilityPrinciple_VIOLATION\SingleResponsabilityPrinciple_VIOLATION.csproj", "{06F4E753-F745-4F1E-804D-CCF04C10617F}"
EndProject
Project("{FAE04EC0-301F-11D3-BF4B-00C04F79EFBC}") = "OpenClosedPrinciple_VIOLATION", "src\2 - O\OpenClosedPrinciple_VIOLATION\OpenClosedPrinciple_VIOLATION.csproj", "{DE811FDF-9913-48FB-8D93-2270CD288ADF}"
EndProject
Project("{FAE04EC0-301F-11D3-BF4B-00C04F79EFBC}") = "LiskovSubstitutionPrinciple_VIOLATION", "src\3 - L\LiskovSubstitutionPrinciple_VIOLATION\LiskovSubstitutionPrinciple_VIOLATION.csproj", "{FB6C351E-64F4-4B56-A406-36157C69A94F}"
EndProject
Project("{FAE04EC0-301F-11D3-BF4B-00C04F79EFBC}") = "InterfaceSegregationPrinciple_VIOLATION", "src\4 - I\InterfaceSegregationPrinciple_VIOLATION\InterfaceSegregationPrinciple_VIOLATION.csproj", "{B8043F06-DC7D-41AF-A7A8-75014A5A9922}"
EndProject
Project("{FAE04EC0-301F-11D3-BF4B-00C04F79EFBC}") = "DependencyInversionPrinciple_VIOLATION", "src\5 - D\DependencyInversionPrinciple_VIOLATION\DependencyInversionPrinciple_VIOLATION.csproj", "{F6E0C2E8-D342-4080-8F97-77E7A1AC7045}"
EndProject
Global
	GlobalSection(SolutionConfigurationPlatforms) = preSolution
		Debug|Any CPU = Debug|Any CPU
		Release|Any CPU = Release|Any CPU
	EndGlobalSection
	GlobalSection(ProjectConfigurationPlatforms) = postSolution
		{C18C6D6B-845F-4139-945B-3EE58E8B56FC}.Debug|Any CPU.ActiveCfg = Debug|Any CPU
		{C18C6D6B-845F-4139-945B-3EE58E8B56FC}.Debug|Any CPU.Build.0 = Debug|Any CPU
		{C18C6D6B-845F-4139-945B-3EE58E8B56FC}.Release|Any CPU.ActiveCfg = Release|Any CPU
		{C18C6D6B-845F-4139-945B-3EE58E8B56FC}.Release|Any CPU.Build.0 = Release|Any CPU
		{CD8E7BD7-3472-4666-9EDE-81FBDAB835C4}.Debug|Any CPU.ActiveCfg = Debug|Any CPU
		{CD8E7BD7-3472-4666-9EDE-81FBDAB835C4}.Debug|Any CPU.Build.0 = Debug|Any CPU
		{CD8E7BD7-3472-4666-9EDE-81FBDAB835C4}.Release|Any CPU.ActiveCfg = Release|Any CPU
		{CD8E7BD7-3472-4666-9EDE-81FBDAB835C4}.Release|Any CPU.Build.0 = Release|Any CPU
		{D1809CB1-0468-4A36-8C08-971906AEC286}.Debug|Any CPU.ActiveCfg = Debug|Any CPU
		{D1809CB1-0468-4A36-8C08-971906AEC286}.Debug|Any CPU.Build.0 = Debug|Any CPU
		{D1809CB1-0468-4A36-8C08-971906AEC286}.Release|Any CPU.ActiveCfg = Release|Any CPU
		{D1809CB1-0468-4A36-8C08-971906AEC286}.Release|Any CPU.Build.0 = Release|Any CPU
		{CBCA71FB-6B42-4D81-8F84-E5DD3AD6031C}.Debug|Any CPU.ActiveCfg = Debug|Any CPU
		{CBCA71FB-6B42-4D81-8F84-E5DD3AD6031C}.Debug|Any CPU.Build.0 = Debug|Any CPU
		{CBCA71FB-6B42-4D81-8F84-E5DD3AD6031C}.Release|Any CPU.ActiveCfg = Release|Any CPU
		{CBCA71FB-6B42-4D81-8F84-E5DD3AD6031C}.Release|Any CPU.Build.0 = Release|Any CPU
		{A6B925E9-C5B9-4B19-A359-0922DD9319BE}.Debug|Any CPU.ActiveCfg = Debug|Any CPU
		{A6B925E9-C5B9-4B19-A359-0922DD9319BE}.Debug|Any CPU.Build.0 = Debug|Any CPU
		{A6B925E9-C5B9-4B19-A359-0922DD9319BE}.Release|Any CPU.ActiveCfg = Release|Any CPU
		{A6B925E9-C5B9-4B19-A359-0922DD9319BE}.Release|Any CPU.Build.0 = Release|Any CPU
		{06F4E753-F745-4F1E-804D-CCF04C10617F}.Debug|Any CPU.ActiveCfg = Debug|Any CPU
		{06F4E753-F745-4F1E-804D-CCF04C10617F}.Debug|Any CPU.Build.0 = Debug|Any CPU
		{06F4E753-F745-4F1E-804D-CCF04C10617F}.Release|Any CPU.ActiveCfg = Release|Any CPU
		{06F4E753-F745-4F1E-804D-CCF04C10617F}.Release|Any CPU.Build.0 = Release|Any CPU
		{DE811FDF-9913-48FB-8D93-2270CD288ADF}.Debug|Any CPU.ActiveCfg = Debug|Any CPU
		{DE811FDF-9913-48FB-8D93-2270CD288ADF}.Debug|Any CPU.Build.0 = Debug|Any CPU
		{DE811FDF-9913-48FB-8D93-2270CD288ADF}.Release|Any CPU.ActiveCfg = Release|Any CPU
		{DE811FDF-9913-48FB-8D93-2270CD288ADF}.Release|Any CPU.Build.0 = Release|Any CPU
		{FB6C351E-64F4-4B56-A406-36157C69A94F}.Debug|Any CPU.ActiveCfg = Debug|Any CPU
		{FB6C351E-64F4-4B56-A406-36157C69A94F}.Debug|Any CPU.Build.0 = Debug|Any CPU
		{FB6C351E-64F4-4B56-A406-36157C69A94F}.Release|Any CPU.ActiveCfg = Release|Any CPU
		{FB6C351E-64F4-4B56-A406-36157C69A94F}.Release|Any CPU.Build.0 = Release|Any CPU
		{B8043F06-DC7D-41AF-A7A8-75014A5A9922}.Debug|Any CPU.ActiveCfg = Debug|Any CPU
		{B8043F06-DC7D-41AF-A7A8-75014A5A9922}.Debug|Any CPU.Build.0 = Debug|Any CPU
		{B8043F06-DC7D-41AF-A7A8-75014A5A9922}.Release|Any CPU.ActiveCfg = Release|Any CPU
		{B8043F06-DC7D-41AF-A7A8-75014A5A9922}.Release|Any CPU.Build.0 = Release|Any CPU
		{F6E0C2E8-D342-4080-8F97-77E7A1AC7045}.Debug|Any CPU.ActiveCfg = Debug|Any CPU
		{F6E0C2E8-D342-4080-8F97-77E7A1AC7045}.Debug|Any CPU.Build.0 = Debug|Any CPU
		{F6E0C2E8-D342-4080-8F97-77E7A1AC7045}.Release|Any CPU.ActiveCfg = Release|Any CPU
		{F6E0C2E8-D342-4080-8F97-77E7A1AC7045}.Release|Any CPU.Build.0 = Release|Any CPU
	EndGlobalSection
	GlobalSection(SolutionProperties) = preSolution
		HideSolutionNode = FALSE
	EndGlobalSection
	GlobalSection(NestedProjects) = preSolution
		{D3831516-3D4A-43D3-896F-6ADBC4E6EC68} = {C5FF9D96-F853-4FA2-B6F5-DB4D453F71B7}
		{D41182F5-1492-40BD-A41D-745BB6C0326E} = {C5FF9D96-F853-4FA2-B6F5-DB4D453F71B7}
		{48324D56-55CD-44D8-B762-D4225B88ABDE} = {2F9BA698-5539-440E-8105-08C10EFAAB83}
		{3AB7D348-2B7B-427C-881D-D85DF94B0326} = {2F9BA698-5539-440E-8105-08C10EFAAB83}
		{7A0D0567-69A3-45D2-96BE-38A4D19DC169} = {7D38F2AE-FEE8-4390-8DDC-E57C6F37B6B3}
		{51BD496E-6AC6-4A94-ACC8-2607D16F2405} = {7D38F2AE-FEE8-4390-8DDC-E57C6F37B6B3}
		{0EA6334B-E4AA-4756-BC59-B0E7AF15EE29} = {DFEFE771-743A-48AD-BB51-FCA4600AC082}
		{DE2FF7A3-E025-47DF-931D-9FFCCAC2474A} = {DFEFE771-743A-48AD-BB51-FCA4600AC082}
		{FDA2988D-73DD-4DDA-A0C6-85FC9033B98F} = {5869711B-75CB-4F72-B358-373C576E5B9D}
		{68759185-1FE4-45E3-9476-DF5ED817D6D9} = {5869711B-75CB-4F72-B358-373C576E5B9D}
		{C18C6D6B-845F-4139-945B-3EE58E8B56FC} = {3AB7D348-2B7B-427C-881D-D85DF94B0326}
		{CD8E7BD7-3472-4666-9EDE-81FBDAB835C4} = {51BD496E-6AC6-4A94-ACC8-2607D16F2405}
		{D1809CB1-0468-4A36-8C08-971906AEC286} = {DE2FF7A3-E025-47DF-931D-9FFCCAC2474A}
		{CBCA71FB-6B42-4D81-8F84-E5DD3AD6031C} = {68759185-1FE4-45E3-9476-DF5ED817D6D9}
		{A6B925E9-C5B9-4B19-A359-0922DD9319BE} = {D41182F5-1492-40BD-A41D-745BB6C0326E}
		{06F4E753-F745-4F1E-804D-CCF04C10617F} = {D3831516-3D4A-43D3-896F-6ADBC4E6EC68}
		{DE811FDF-9913-48FB-8D93-2270CD288ADF} = {48324D56-55CD-44D8-B762-D4225B88ABDE}
		{FB6C351E-64F4-4B56-A406-36157C69A94F} = {7A0D0567-69A3-45D2-96BE-38A4D19DC169}
		{B8043F06-DC7D-41AF-A7A8-75014A5A9922} = {0EA6334B-E4AA-4756-BC59-B0E7AF15EE29}
		{F6E0C2E8-D342-4080-8F97-77E7A1AC7045} = {FDA2988D-73DD-4DDA-A0C6-85FC9033B98F}
	EndGlobalSection
	GlobalSection(ExtensibilityGlobals) = postSolution
		SolutionGuid = {95AB4D3B-BF46-4E3D-AE89-6C58BDDD30CC}
	EndGlobalSection
EndGlobal
